// !$*UTF8*$!
{
	archiveVersion = 1;
	classes = {
	};
	objectVersion = 50;
	objects = {

/* Begin PBXBuildFile section */
		8D38D1EB2415691800EA7205 /* AppDelegate.swift in Sources */ = {isa = PBXBuildFile; fileRef = 8D38D1EA2415691800EA7205 /* AppDelegate.swift */; };
		8D38D1ED2415691800EA7205 /* art.scnassets in Resources */ = {isa = PBXBuildFile; fileRef = 8D38D1EC2415691800EA7205 /* art.scnassets */; };
		8D38D1EF2415691800EA7205 /* ViewController.swift in Sources */ = {isa = PBXBuildFile; fileRef = 8D38D1EE2415691800EA7205 /* ViewController.swift */; };
		8D38D1F22415691800EA7205 /* Main.storyboard in Resources */ = {isa = PBXBuildFile; fileRef = 8D38D1F02415691800EA7205 /* Main.storyboard */; };
		8D38D1F42415691A00EA7205 /* Assets.xcassets in Resources */ = {isa = PBXBuildFile; fileRef = 8D38D1F32415691A00EA7205 /* Assets.xcassets */; };
		8D38D1F72415691A00EA7205 /* LaunchScreen.storyboard in Resources */ = {isa = PBXBuildFile; fileRef = 8D38D1F52415691A00EA7205 /* LaunchScreen.storyboard */; };
		8D38D2022415691A00EA7205 /* drawingappTests.swift in Sources */ = {isa = PBXBuildFile; fileRef = 8D38D2012415691A00EA7205 /* drawingappTests.swift */; };
		8D38D20D2415691A00EA7205 /* drawingappUITests.swift in Sources */ = {isa = PBXBuildFile; fileRef = 8D38D20C2415691A00EA7205 /* drawingappUITests.swift */; };
/* End PBXBuildFile section */

/* Begin PBXContainerItemProxy section */
		8D38D1FE2415691A00EA7205 /* PBXContainerItemProxy */ = {
			isa = PBXContainerItemProxy;
			containerPortal = 8D38D1DF2415691800EA7205 /* Project object */;
			proxyType = 1;
			remoteGlobalIDString = 8D38D1E62415691800EA7205;
			remoteInfo = drawingapp;
		};
		8D38D2092415691A00EA7205 /* PBXContainerItemProxy */ = {
			isa = PBXContainerItemProxy;
			containerPortal = 8D38D1DF2415691800EA7205 /* Project object */;
			proxyType = 1;
			remoteGlobalIDString = 8D38D1E62415691800EA7205;
			remoteInfo = drawingapp;
		};
/* End PBXContainerItemProxy section */

/* Begin PBXFileReference section */
		8D38D1E72415691800EA7205 /* drawingapp.app */ = {isa = PBXFileReference; explicitFileType = wrapper.application; includeInIndex = 0; path = drawingapp.app; sourceTree = BUILT_PRODUCTS_DIR; };
		8D38D1EA2415691800EA7205 /* AppDelegate.swift */ = {isa = PBXFileReference; lastKnownFileType = sourcecode.swift; path = AppDelegate.swift; sourceTree = "<group>"; };
		8D38D1EC2415691800EA7205 /* art.scnassets */ = {isa = PBXFileReference; lastKnownFileType = wrapper.scnassets; path = art.scnassets; sourceTree = "<group>"; };
		8D38D1EE2415691800EA7205 /* ViewController.swift */ = {isa = PBXFileReference; lastKnownFileType = sourcecode.swift; path = ViewController.swift; sourceTree = "<group>"; };
		8D38D1F12415691800EA7205 /* Base */ = {isa = PBXFileReference; lastKnownFileType = file.storyboard; name = Base; path = Base.lproj/Main.storyboard; sourceTree = "<group>"; };
		8D38D1F32415691A00EA7205 /* Assets.xcassets */ = {isa = PBXFileReference; lastKnownFileType = folder.assetcatalog; path = Assets.xcassets; sourceTree = "<group>"; };
		8D38D1F62415691A00EA7205 /* Base */ = {isa = PBXFileReference; lastKnownFileType = file.storyboard; name = Base; path = Base.lproj/LaunchScreen.storyboard; sourceTree = "<group>"; };
		8D38D1F82415691A00EA7205 /* Info.plist */ = {isa = PBXFileReference; lastKnownFileType = text.plist.xml; path = Info.plist; sourceTree = "<group>"; };
		8D38D1FD2415691A00EA7205 /* drawingappTests.xctest */ = {isa = PBXFileReference; explicitFileType = wrapper.cfbundle; includeInIndex = 0; path = drawingappTests.xctest; sourceTree = BUILT_PRODUCTS_DIR; };
		8D38D2012415691A00EA7205 /* drawingappTests.swift */ = {isa = PBXFileReference; lastKnownFileType = sourcecode.swift; path = drawingappTests.swift; sourceTree = "<group>"; };
		8D38D2032415691A00EA7205 /* Info.plist */ = {isa = PBXFileReference; lastKnownFileType = text.plist.xml; path = Info.plist; sourceTree = "<group>"; };
		8D38D2082415691A00EA7205 /* drawingappUITests.xctest */ = {isa = PBXFileReference; explicitFileType = wrapper.cfbundle; includeInIndex = 0; path = drawingappUITests.xctest; sourceTree = BUILT_PRODUCTS_DIR; };
		8D38D20C2415691A00EA7205 /* drawingappUITests.swift */ = {isa = PBXFileReference; lastKnownFileType = sourcecode.swift; path = drawingappUITests.swift; sourceTree = "<group>"; };
		8D38D20E2415691A00EA7205 /* Info.plist */ = {isa = PBXFileReference; lastKnownFileType = text.plist.xml; path = Info.plist; sourceTree = "<group>"; };
/* End PBXFileReference section */

/* Begin PBXFrameworksBuildPhase section */
		8D38D1E42415691800EA7205 /* Frameworks */ = {
			isa = PBXFrameworksBuildPhase;
			buildActionMask = 2147483647;
			files = (
			);
			runOnlyForDeploymentPostprocessing = 0;
		};
		8D38D1FA2415691A00EA7205 /* Frameworks */ = {
			isa = PBXFrameworksBuildPhase;
			buildActionMask = 2147483647;
			files = (
			);
			runOnlyForDeploymentPostprocessing = 0;
		};
		8D38D2052415691A00EA7205 /* Frameworks */ = {
			isa = PBXFrameworksBuildPhase;
			buildActionMask = 2147483647;
			files = (
			);
			runOnlyForDeploymentPostprocessing = 0;
		};
/* End PBXFrameworksBuildPhase section */

/* Begin PBXGroup section */
		8D38D1DE2415691800EA7205 = {
			isa = PBXGroup;
			children = (
				8D38D1E92415691800EA7205 /* drawingapp */,
				8D38D2002415691A00EA7205 /* drawingappTests */,
				8D38D20B2415691A00EA7205 /* drawingappUITests */,
				8D38D1E82415691800EA7205 /* Products */,
			);
			sourceTree = "<group>";
		};
		8D38D1E82415691800EA7205 /* Products */ = {
			isa = PBXGroup;
			children = (
				8D38D1E72415691800EA7205 /* drawingapp.app */,
				8D38D1FD2415691A00EA7205 /* drawingappTests.xctest */,
				8D38D2082415691A00EA7205 /* drawingappUITests.xctest */,
			);
			name = Products;
			sourceTree = "<group>";
		};
		8D38D1E92415691800EA7205 /* drawingapp */ = {
			isa = PBXGroup;
			children = (
				8D38D1EA2415691800EA7205 /* AppDelegate.swift */,
				8D38D1EC2415691800EA7205 /* art.scnassets */,
				8D38D1EE2415691800EA7205 /* ViewController.swift */,
				8D38D1F02415691800EA7205 /* Main.storyboard */,
				8D38D1F32415691A00EA7205 /* Assets.xcassets */,
				8D38D1F52415691A00EA7205 /* LaunchScreen.storyboard */,
				8D38D1F82415691A00EA7205 /* Info.plist */,
			);
			path = drawingapp;
			sourceTree = "<group>";
		};
		8D38D2002415691A00EA7205 /* drawingappTests */ = {
			isa = PBXGroup;
			children = (
				8D38D2012415691A00EA7205 /* drawingappTests.swift */,
				8D38D2032415691A00EA7205 /* Info.plist */,
			);
			path = drawingappTests;
			sourceTree = "<group>";
		};
		8D38D20B2415691A00EA7205 /* drawingappUITests */ = {
			isa = PBXGroup;
			children = (
				8D38D20C2415691A00EA7205 /* drawingappUITests.swift */,
				8D38D20E2415691A00EA7205 /* Info.plist */,
			);
			path = drawingappUITests;
			sourceTree = "<group>";
		};
/* End PBXGroup section */

/* Begin PBXNativeTarget section */
		8D38D1E62415691800EA7205 /* drawingapp */ = {
			isa = PBXNativeTarget;
			buildConfigurationList = 8D38D2112415691A00EA7205 /* Build configuration list for PBXNativeTarget "drawingapp" */;
			buildPhases = (
				8D38D1E32415691800EA7205 /* Sources */,
				8D38D1E42415691800EA7205 /* Frameworks */,
				8D38D1E52415691800EA7205 /* Resources */,
			);
			buildRules = (
			);
			dependencies = (
			);
			name = drawingapp;
			productName = drawingapp;
			productReference = 8D38D1E72415691800EA7205 /* drawingapp.app */;
			productType = "com.apple.product-type.application";
		};
		8D38D1FC2415691A00EA7205 /* drawingappTests */ = {
			isa = PBXNativeTarget;
			buildConfigurationList = 8D38D2142415691A00EA7205 /* Build configuration list for PBXNativeTarget "drawingappTests" */;
			buildPhases = (
				8D38D1F92415691A00EA7205 /* Sources */,
				8D38D1FA2415691A00EA7205 /* Frameworks */,
				8D38D1FB2415691A00EA7205 /* Resources */,
			);
			buildRules = (
			);
			dependencies = (
				8D38D1FF2415691A00EA7205 /* PBXTargetDependency */,
			);
			name = drawingappTests;
			productName = drawingappTests;
			productReference = 8D38D1FD2415691A00EA7205 /* drawingappTests.xctest */;
			productType = "com.apple.product-type.bundle.unit-test";
		};
		8D38D2072415691A00EA7205 /* drawingappUITests */ = {
			isa = PBXNativeTarget;
			buildConfigurationList = 8D38D2172415691A00EA7205 /* Build configuration list for PBXNativeTarget "drawingappUITests" */;
			buildPhases = (
				8D38D2042415691A00EA7205 /* Sources */,
				8D38D2052415691A00EA7205 /* Frameworks */,
				8D38D2062415691A00EA7205 /* Resources */,
			);
			buildRules = (
			);
			dependencies = (
				8D38D20A2415691A00EA7205 /* PBXTargetDependency */,
			);
			name = drawingappUITests;
			productName = drawingappUITests;
			productReference = 8D38D2082415691A00EA7205 /* drawingappUITests.xctest */;
			productType = "com.apple.product-type.bundle.ui-testing";
		};
/* End PBXNativeTarget section */

/* Begin PBXProject section */
		8D38D1DF2415691800EA7205 /* Project object */ = {
			isa = PBXProject;
			attributes = {
				LastSwiftUpdateCheck = 1110;
				LastUpgradeCheck = 1110;
				ORGANIZATIONNAME = "Stulin iOS";
				TargetAttributes = {
					8D38D1E62415691800EA7205 = {
						CreatedOnToolsVersion = 11.1;
					};
					8D38D1FC2415691A00EA7205 = {
						CreatedOnToolsVersion = 11.1;
						TestTargetID = 8D38D1E62415691800EA7205;
					};
					8D38D2072415691A00EA7205 = {
						CreatedOnToolsVersion = 11.1;
						TestTargetID = 8D38D1E62415691800EA7205;
					};
				};
			};
			buildConfigurationList = 8D38D1E22415691800EA7205 /* Build configuration list for PBXProject "drawingapp" */;
			compatibilityVersion = "Xcode 9.3";
			developmentRegion = en;
			hasScannedForEncodings = 0;
			knownRegions = (
				en,
				Base,
			);
			mainGroup = 8D38D1DE2415691800EA7205;
			productRefGroup = 8D38D1E82415691800EA7205 /* Products */;
			projectDirPath = "";
			projectRoot = "";
			targets = (
				8D38D1E62415691800EA7205 /* drawingapp */,
				8D38D1FC2415691A00EA7205 /* drawingappTests */,
				8D38D2072415691A00EA7205 /* drawingappUITests */,
			);
		};
/* End PBXProject section */

/* Begin PBXResourcesBuildPhase section */
		8D38D1E52415691800EA7205 /* Resources */ = {
			isa = PBXResourcesBuildPhase;
			buildActionMask = 2147483647;
			files = (
				8D38D1ED2415691800EA7205 /* art.scnassets in Resources */,
				8D38D1F72415691A00EA7205 /* LaunchScreen.storyboard in Resources */,
				8D38D1F42415691A00EA7205 /* Assets.xcassets in Resources */,
				8D38D1F22415691800EA7205 /* Main.storyboard in Resources */,
			);
			runOnlyForDeploymentPostprocessing = 0;
		};
		8D38D1FB2415691A00EA7205 /* Resources */ = {
			isa = PBXResourcesBuildPhase;
			buildActionMask = 2147483647;
			files = (
			);
			runOnlyForDeploymentPostprocessing = 0;
		};
		8D38D2062415691A00EA7205 /* Resources */ = {
			isa = PBXResourcesBuildPhase;
			buildActionMask = 2147483647;
			files = (
			);
			runOnlyForDeploymentPostprocessing = 0;
		};
/* End PBXResourcesBuildPhase section */

/* Begin PBXSourcesBuildPhase section */
		8D38D1E32415691800EA7205 /* Sources */ = {
			isa = PBXSourcesBuildPhase;
			buildActionMask = 2147483647;
			files = (
				8D38D1EF2415691800EA7205 /* ViewController.swift in Sources */,
				8D38D1EB2415691800EA7205 /* AppDelegate.swift in Sources */,
			);
			runOnlyForDeploymentPostprocessing = 0;
		};
		8D38D1F92415691A00EA7205 /* Sources */ = {
			isa = PBXSourcesBuildPhase;
			buildActionMask = 2147483647;
			files = (
				8D38D2022415691A00EA7205 /* drawingappTests.swift in Sources */,
			);
			runOnlyForDeploymentPostprocessing = 0;
		};
		8D38D2042415691A00EA7205 /* Sources */ = {
			isa = PBXSourcesBuildPhase;
			buildActionMask = 2147483647;
			files = (
				8D38D20D2415691A00EA7205 /* drawingappUITests.swift in Sources */,
			);
			runOnlyForDeploymentPostprocessing = 0;
		};
/* End PBXSourcesBuildPhase section */

/* Begin PBXTargetDependency section */
		8D38D1FF2415691A00EA7205 /* PBXTargetDependency */ = {
			isa = PBXTargetDependency;
			target = 8D38D1E62415691800EA7205 /* drawingapp */;
			targetProxy = 8D38D1FE2415691A00EA7205 /* PBXContainerItemProxy */;
		};
		8D38D20A2415691A00EA7205 /* PBXTargetDependency */ = {
			isa = PBXTargetDependency;
			target = 8D38D1E62415691800EA7205 /* drawingapp */;
			targetProxy = 8D38D2092415691A00EA7205 /* PBXContainerItemProxy */;
		};
/* End PBXTargetDependency section */

/* Begin PBXVariantGroup section */
		8D38D1F02415691800EA7205 /* Main.storyboard */ = {
			isa = PBXVariantGroup;
			children = (
				8D38D1F12415691800EA7205 /* Base */,
			);
			name = Main.storyboard;
			sourceTree = "<group>";
		};
		8D38D1F52415691A00EA7205 /* LaunchScreen.storyboard */ = {
			isa = PBXVariantGroup;
			children = (
				8D38D1F62415691A00EA7205 /* Base */,
			);
			name = LaunchScreen.storyboard;
			sourceTree = "<group>";
		};
/* End PBXVariantGroup section */

/* Begin XCBuildConfiguration section */
		8D38D20F2415691A00EA7205 /* Debug */ = {
			isa = XCBuildConfiguration;
			buildSettings = {
				ALWAYS_SEARCH_USER_PATHS = NO;
				CLANG_ANALYZER_NONNULL = YES;
				CLANG_ANALYZER_NUMBER_OBJECT_CONVERSION = YES_AGGRESSIVE;
				CLANG_CXX_LANGUAGE_STANDARD = "gnu++14";
				CLANG_CXX_LIBRARY = "libc++";
				CLANG_ENABLE_MODULES = YES;
				CLANG_ENABLE_OBJC_ARC = YES;
				CLANG_ENABLE_OBJC_WEAK = YES;
				CLANG_WARN_BLOCK_CAPTURE_AUTORELEASING = YES;
				CLANG_WARN_BOOL_CONVERSION = YES;
				CLANG_WARN_COMMA = YES;
				CLANG_WARN_CONSTANT_CONVERSION = YES;
				CLANG_WARN_DEPRECATED_OBJC_IMPLEMENTATIONS = YES;
				CLANG_WARN_DIRECT_OBJC_ISA_USAGE = YES_ERROR;
				CLANG_WARN_DOCUMENTATION_COMMENTS = YES;
				CLANG_WARN_EMPTY_BODY = YES;
				CLANG_WARN_ENUM_CONVERSION = YES;
				CLANG_WARN_INFINITE_RECURSION = YES;
				CLANG_WARN_INT_CONVERSION = YES;
				CLANG_WARN_NON_LITERAL_NULL_CONVERSION = YES;
				CLANG_WARN_OBJC_IMPLICIT_RETAIN_SELF = YES;
				CLANG_WARN_OBJC_LITERAL_CONVERSION = YES;
				CLANG_WARN_OBJC_ROOT_CLASS = YES_ERROR;
				CLANG_WARN_RANGE_LOOP_ANALYSIS = YES;
				CLANG_WARN_STRICT_PROTOTYPES = YES;
				CLANG_WARN_SUSPICIOUS_MOVE = YES;
				CLANG_WARN_UNGUARDED_AVAILABILITY = YES_AGGRESSIVE;
				CLANG_WARN_UNREACHABLE_CODE = YES;
				CLANG_WARN__DUPLICATE_METHOD_MATCH = YES;
				COPY_PHASE_STRIP = NO;
				DEBUG_INFORMATION_FORMAT = dwarf;
				ENABLE_STRICT_OBJC_MSGSEND = YES;
				ENABLE_TESTABILITY = YES;
				GCC_C_LANGUAGE_STANDARD = gnu11;
				GCC_DYNAMIC_NO_PIC = NO;
				GCC_NO_COMMON_BLOCKS = YES;
				GCC_OPTIMIZATION_LEVEL = 0;
				GCC_PREPROCESSOR_DEFINITIONS = (
					"DEBUG=1",
					"$(inherited)",
				);
				GCC_WARN_64_TO_32_BIT_CONVERSION = YES;
				GCC_WARN_ABOUT_RETURN_TYPE = YES_ERROR;
				GCC_WARN_UNDECLARED_SELECTOR = YES;
				GCC_WARN_UNINITIALIZED_AUTOS = YES_AGGRESSIVE;
				GCC_WARN_UNUSED_FUNCTION = YES;
				GCC_WARN_UNUSED_VARIABLE = YES;
				IPHONEOS_DEPLOYMENT_TARGET = 13.1;
				MTL_ENABLE_DEBUG_INFO = INCLUDE_SOURCE;
				MTL_FAST_MATH = YES;
				ONLY_ACTIVE_ARCH = YES;
				SDKROOT = iphoneos;
				SWIFT_ACTIVE_COMPILATION_CONDITIONS = DEBUG;
				SWIFT_OPTIMIZATION_LEVEL = "-Onone";
			};
			name = Debug;
		};
		8D38D2102415691A00EA7205 /* Release */ = {
			isa = XCBuildConfiguration;
			buildSettings = {
				ALWAYS_SEARCH_USER_PATHS = NO;
				CLANG_ANALYZER_NONNULL = YES;
				CLANG_ANALYZER_NUMBER_OBJECT_CONVERSION = YES_AGGRESSIVE;
				CLANG_CXX_LANGUAGE_STANDARD = "gnu++14";
				CLANG_CXX_LIBRARY = "libc++";
				CLANG_ENABLE_MODULES = YES;
				CLANG_ENABLE_OBJC_ARC = YES;
				CLANG_ENABLE_OBJC_WEAK = YES;
				CLANG_WARN_BLOCK_CAPTURE_AUTORELEASING = YES;
				CLANG_WARN_BOOL_CONVERSION = YES;
				CLANG_WARN_COMMA = YES;
				CLANG_WARN_CONSTANT_CONVERSION = YES;
				CLANG_WARN_DEPRECATED_OBJC_IMPLEMENTATIONS = YES;
				CLANG_WARN_DIRECT_OBJC_ISA_USAGE = YES_ERROR;
				CLANG_WARN_DOCUMENTATION_COMMENTS = YES;
				CLANG_WARN_EMPTY_BODY = YES;
				CLANG_WARN_ENUM_CONVERSION = YES;
				CLANG_WARN_INFINITE_RECURSION = YES;
				CLANG_WARN_INT_CONVERSION = YES;
				CLANG_WARN_NON_LITERAL_NULL_CONVERSION = YES;
				CLANG_WARN_OBJC_IMPLICIT_RETAIN_SELF = YES;
				CLANG_WARN_OBJC_LITERAL_CONVERSION = YES;
				CLANG_WARN_OBJC_ROOT_CLASS = YES_ERROR;
				CLANG_WARN_RANGE_LOOP_ANALYSIS = YES;
				CLANG_WARN_STRICT_PROTOTYPES = YES;
				CLANG_WARN_SUSPICIOUS_MOVE = YES;
				CLANG_WARN_UNGUARDED_AVAILABILITY = YES_AGGRESSIVE;
				CLANG_WARN_UNREACHABLE_CODE = YES;
				CLANG_WARN__DUPLICATE_METHOD_MATCH = YES;
				COPY_PHASE_STRIP = NO;
				DEBUG_INFORMATION_FORMAT = "dwarf-with-dsym";
				ENABLE_NS_ASSERTIONS = NO;
				ENABLE_STRICT_OBJC_MSGSEND = YES;
				GCC_C_LANGUAGE_STANDARD = gnu11;
				GCC_NO_COMMON_BLOCKS = YES;
				GCC_WARN_64_TO_32_BIT_CONVERSION = YES;
				GCC_WARN_ABOUT_RETURN_TYPE = YES_ERROR;
				GCC_WARN_UNDECLARED_SELECTOR = YES;
				GCC_WARN_UNINITIALIZED_AUTOS = YES_AGGRESSIVE;
				GCC_WARN_UNUSED_FUNCTION = YES;
				GCC_WARN_UNUSED_VARIABLE = YES;
				IPHONEOS_DEPLOYMENT_TARGET = 13.1;
				MTL_ENABLE_DEBUG_INFO = NO;
				MTL_FAST_MATH = YES;
				SDKROOT = iphoneos;
				SWIFT_COMPILATION_MODE = wholemodule;
				SWIFT_OPTIMIZATION_LEVEL = "-O";
				VALIDATE_PRODUCT = YES;
			};
			name = Release;
		};
		8D38D2122415691A00EA7205 /* Debug */ = {
			isa = XCBuildConfiguration;
			buildSettings = {
				ASSETCATALOG_COMPILER_APPICON_NAME = AppIcon;
				CODE_SIGN_STYLE = Automatic;
				INFOPLIST_FILE = drawingapp/Info.plist;
				LD_RUNPATH_SEARCH_PATHS = (
					"$(inherited)",
					"@executable_path/Frameworks",
				);
				PRODUCT_BUNDLE_IDENTIFIER = stulinios.drawingapp;
				PRODUCT_NAME = "$(TARGET_NAME)";
				SWIFT_VERSION = 5.0;
				TARGETED_DEVICE_FAMILY = "1,2";
			};
			name = Debug;
		};
		8D38D2132415691A00EA7205 /* Release */ = {
			isa = XCBuildConfiguration;
			buildSettings = {
				ASSETCATALOG_COMPILER_APPICON_NAME = AppIcon;
				CODE_SIGN_STYLE = Automatic;
				INFOPLIST_FILE = drawingapp/Info.plist;
				LD_RUNPATH_SEARCH_PATHS = (
					"$(inherited)",
					"@executable_path/Frameworks",
				);
				PRODUCT_BUNDLE_IDENTIFIER = stulinios.drawingapp;
				PRODUCT_NAME = "$(TARGET_NAME)";
				SWIFT_VERSION = 5.0;
				TARGETED_DEVICE_FAMILY = "1,2";
			};
			name = Release;
		};
		8D38D2152415691A00EA7205 /* Debug */ = {
			isa = XCBuildConfiguration;
			buildSettings = {
				ALWAYS_EMBED_SWIFT_STANDARD_LIBRARIES = YES;
				BUNDLE_LOADER = "$(TEST_HOST)";
				CODE_SIGN_STYLE = Automatic;
				INFOPLIST_FILE = drawingappTests/Info.plist;
				IPHONEOS_DEPLOYMENT_TARGET = 13.1;
				LD_RUNPATH_SEARCH_PATHS = (
					"$(inherited)",
					"@executable_path/Frameworks",
					"@loader_path/Frameworks",
				);
				PRODUCT_BUNDLE_IDENTIFIER = stulinios.drawingappTests;
				PRODUCT_NAME = "$(TARGET_NAME)";
				SWIFT_VERSION = 5.0;
				TARGETED_DEVICE_FAMILY = "1,2";
				TEST_HOST = "$(BUILT_PRODUCTS_DIR)/drawingapp.app/drawingapp";
			};
			name = Debug;
		};
		8D38D2162415691A00EA7205 /* Release */ = {
			isa = XCBuildConfiguration;
			buildSettings = {
				ALWAYS_EMBED_SWIFT_STANDARD_LIBRARIES = YES;
				BUNDLE_LOADER = "$(TEST_HOST)";
				CODE_SIGN_STYLE = Automatic;
				INFOPLIST_FILE = drawingappTests/Info.plist;
				IPHONEOS_DEPLOYMENT_TARGET = 13.1;
				LD_RUNPATH_SEARCH_PATHS = (
					"$(inherited)",
					"@executable_path/Frameworks",
					"@loader_path/Frameworks",
				);
				PRODUCT_BUNDLE_IDENTIFIER = stulinios.drawingappTests;
				PRODUCT_NAME = "$(TARGET_NAME)";
				SWIFT_VERSION = 5.0;
				TARGETED_DEVICE_FAMILY = "1,2";
				TEST_HOST = "$(BUILT_PRODUCTS_DIR)/drawingapp.app/drawingapp";
			};
			name = Release;
		};
		8D38D2182415691A00EA7205 /* Debug */ = {
			isa = XCBuildConfiguration;
			buildSettings = {
				ALWAYS_EMBED_SWIFT_STANDARD_LIBRARIES = YES;
				CODE_SIGN_STYLE = Automatic;
				INFOPLIST_FILE = drawingappUITests/Info.plist;
				LD_RUNPATH_SEARCH_PATHS = (
					"$(inherited)",
					"@executable_path/Frameworks",
					"@loader_path/Frameworks",
				);
				PRODUCT_BUNDLE_IDENTIFIER = stulinios.drawingappUITests;
				PRODUCT_NAME = "$(TARGET_NAME)";
				SWIFT_VERSION = 5.0;
				TARGETED_DEVICE_FAMILY = "1,2";
				TEST_TARGET_NAME = drawingapp;
			};
			name = Debug;
		};
		8D38D2192415691A00EA7205 /* Release */ = {
			isa = XCBuildConfiguration;
			buildSettings = {
				ALWAYS_EMBED_SWIFT_STANDARD_LIBRARIES = YES;
				CODE_SIGN_STYLE = Automatic;
				INFOPLIST_FILE = drawingappUITests/Info.plist;
				LD_RUNPATH_SEARCH_PATHS = (
					"$(inherited)",
					"@executable_path/Frameworks",
					"@loader_path/Frameworks",
				);
				PRODUCT_BUNDLE_IDENTIFIER = stulinios.drawingappUITests;
				PRODUCT_NAME = "$(TARGET_NAME)";
				SWIFT_VERSION = 5.0;
				TARGETED_DEVICE_FAMILY = "1,2";
				TEST_TARGET_NAME = drawingapp;
			};
			name = Release;
		};
/* End XCBuildConfiguration section */

/* Begin XCConfigurationList section */
		8D38D1E22415691800EA7205 /* Build configuration list for PBXProject "drawingapp" */ = {
			isa = XCConfigurationList;
			buildConfigurations = (
				8D38D20F2415691A00EA7205 /* Debug */,
				8D38D2102415691A00EA7205 /* Release */,
			);
			defaultConfigurationIsVisible = 0;
			defaultConfigurationName = Release;
		};
		8D38D2112415691A00EA7205 /* Build configuration list for PBXNativeTarget "drawingapp" */ = {
			isa = XCConfigurationList;
			buildConfigurations = (
				8D38D2122415691A00EA7205 /* Debug */,
				8D38D2132415691A00EA7205 /* Release */,
			);
			defaultConfigurationIsVisible = 0;
			defaultConfigurationName = Release;
		};
		8D38D2142415691A00EA7205 /* Build configuration list for PBXNativeTarget "drawingappTests" */ = {
			isa = XCConfigurationList;
			buildConfigurations = (
				8D38D2152415691A00EA7205 /* Debug */,
				8D38D2162415691A00EA7205 /* Release */,
			);
			defaultConfigurationIsVisible = 0;
			defaultConfigurationName = Release;
		};
		8D38D2172415691A00EA7205 /* Build configuration list for PBXNativeTarget "drawingappUITests" */ = {
			isa = XCConfigurationList;
			buildConfigurations = (
				8D38D2182415691A00EA7205 /* Debug */,
				8D38D2192415691A00EA7205 /* Release */,
			);
			defaultConfigurationIsVisible = 0;
			defaultConfigurationName = Release;
		};
/* End XCConfigurationList section */
	};
	rootObject = 8D38D1DF2415691800EA7205 /* Project object */;
}
