// !$*UTF8*$!
{
	archiveVersion = 1;
	classes = {
	};
	objectVersion = 50;
	objects = {

/* Begin PBXBuildFile section */
		8DAB7988241563B700039D17 /* AppDelegate.swift in Sources */ = {isa = PBXBuildFile; fileRef = 8DAB7987241563B700039D17 /* AppDelegate.swift */; };
		8DAB798A241563B700039D17 /* ContentView.swift in Sources */ = {isa = PBXBuildFile; fileRef = 8DAB7989241563B700039D17 /* ContentView.swift */; };
		8DAB798C241563B700039D17 /* Experience.rcproject in Sources */ = {isa = PBXBuildFile; fileRef = 8DAB798B241563B700039D17 /* Experience.rcproject */; };
		8DAB798E241563BA00039D17 /* Assets.xcassets in Resources */ = {isa = PBXBuildFile; fileRef = 8DAB798D241563BA00039D17 /* Assets.xcassets */; };
		8DAB7991241563BA00039D17 /* Preview Assets.xcassets in Resources */ = {isa = PBXBuildFile; fileRef = 8DAB7990241563BA00039D17 /* Preview Assets.xcassets */; };
		8DAB7994241563BA00039D17 /* LaunchScreen.storyboard in Resources */ = {isa = PBXBuildFile; fileRef = 8DAB7992241563BA00039D17 /* LaunchScreen.storyboard */; };
		8DAB799F241563BA00039D17 /* iosfinalTests.swift in Sources */ = {isa = PBXBuildFile; fileRef = 8DAB799E241563BA00039D17 /* iosfinalTests.swift */; };
		8DAB79AA241563BA00039D17 /* iosfinalUITests.swift in Sources */ = {isa = PBXBuildFile; fileRef = 8DAB79A9241563BA00039D17 /* iosfinalUITests.swift */; };
/* End PBXBuildFile section */

/* Begin PBXContainerItemProxy section */
		8DAB799B241563BA00039D17 /* PBXContainerItemProxy */ = {
			isa = PBXContainerItemProxy;
			containerPortal = 8DAB797C241563B700039D17 /* Project object */;
			proxyType = 1;
			remoteGlobalIDString = 8DAB7983241563B700039D17;
			remoteInfo = iosfinal;
		};
		8DAB79A6241563BA00039D17 /* PBXContainerItemProxy */ = {
			isa = PBXContainerItemProxy;
			containerPortal = 8DAB797C241563B700039D17 /* Project object */;
			proxyType = 1;
			remoteGlobalIDString = 8DAB7983241563B700039D17;
			remoteInfo = iosfinal;
		};
/* End PBXContainerItemProxy section */

/* Begin PBXFileReference section */
		8DAB7984241563B700039D17 /* iosfinal.app */ = {isa = PBXFileReference; explicitFileType = wrapper.application; includeInIndex = 0; path = iosfinal.app; sourceTree = BUILT_PRODUCTS_DIR; };
		8DAB7987241563B700039D17 /* AppDelegate.swift */ = {isa = PBXFileReference; lastKnownFileType = sourcecode.swift; path = AppDelegate.swift; sourceTree = "<group>"; };
		8DAB7989241563B700039D17 /* ContentView.swift */ = {isa = PBXFileReference; lastKnownFileType = sourcecode.swift; path = ContentView.swift; sourceTree = "<group>"; };
		8DAB798B241563B700039D17 /* Experience.rcproject */ = {isa = PBXFileReference; lastKnownFileType = file.rcproject; path = Experience.rcproject; sourceTree = "<group>"; };
		8DAB798D241563BA00039D17 /* Assets.xcassets */ = {isa = PBXFileReference; lastKnownFileType = folder.assetcatalog; path = Assets.xcassets; sourceTree = "<group>"; };
		8DAB7990241563BA00039D17 /* Preview Assets.xcassets */ = {isa = PBXFileReference; lastKnownFileType = folder.assetcatalog; path = "Preview Assets.xcassets"; sourceTree = "<group>"; };
		8DAB7993241563BA00039D17 /* Base */ = {isa = PBXFileReference; lastKnownFileType = file.storyboard; name = Base; path = Base.lproj/LaunchScreen.storyboard; sourceTree = "<group>"; };
		8DAB7995241563BA00039D17 /* Info.plist */ = {isa = PBXFileReference; lastKnownFileType = text.plist.xml; path = Info.plist; sourceTree = "<group>"; };
		8DAB799A241563BA00039D17 /* iosfinalTests.xctest */ = {isa = PBXFileReference; explicitFileType = wrapper.cfbundle; includeInIndex = 0; path = iosfinalTests.xctest; sourceTree = BUILT_PRODUCTS_DIR; };
		8DAB799E241563BA00039D17 /* iosfinalTests.swift */ = {isa = PBXFileReference; lastKnownFileType = sourcecode.swift; path = iosfinalTests.swift; sourceTree = "<group>"; };
		8DAB79A0241563BA00039D17 /* Info.plist */ = {isa = PBXFileReference; lastKnownFileType = text.plist.xml; path = Info.plist; sourceTree = "<group>"; };
		8DAB79A5241563BA00039D17 /* iosfinalUITests.xctest */ = {isa = PBXFileReference; explicitFileType = wrapper.cfbundle; includeInIndex = 0; path = iosfinalUITests.xctest; sourceTree = BUILT_PRODUCTS_DIR; };
		8DAB79A9241563BA00039D17 /* iosfinalUITests.swift */ = {isa = PBXFileReference; lastKnownFileType = sourcecode.swift; path = iosfinalUITests.swift; sourceTree = "<group>"; };
		8DAB79AB241563BA00039D17 /* Info.plist */ = {isa = PBXFileReference; lastKnownFileType = text.plist.xml; path = Info.plist; sourceTree = "<group>"; };
/* End PBXFileReference section */

/* Begin PBXFrameworksBuildPhase section */
		8DAB7981241563B700039D17 /* Frameworks */ = {
			isa = PBXFrameworksBuildPhase;
			buildActionMask = 2147483647;
			files = (
			);
			runOnlyForDeploymentPostprocessing = 0;
		};
		8DAB7997241563BA00039D17 /* Frameworks */ = {
			isa = PBXFrameworksBuildPhase;
			buildActionMask = 2147483647;
			files = (
			);
			runOnlyForDeploymentPostprocessing = 0;
		};
		8DAB79A2241563BA00039D17 /* Frameworks */ = {
			isa = PBXFrameworksBuildPhase;
			buildActionMask = 2147483647;
			files = (
			);
			runOnlyForDeploymentPostprocessing = 0;
		};
/* End PBXFrameworksBuildPhase section */

/* Begin PBXGroup section */
		8DAB797B241563B700039D17 = {
			isa = PBXGroup;
			children = (
				8DAB7986241563B700039D17 /* iosfinal */,
				8DAB799D241563BA00039D17 /* iosfinalTests */,
				8DAB79A8241563BA00039D17 /* iosfinalUITests */,
				8DAB7985241563B700039D17 /* Products */,
			);
			sourceTree = "<group>";
		};
		8DAB7985241563B700039D17 /* Products */ = {
			isa = PBXGroup;
			children = (
				8DAB7984241563B700039D17 /* iosfinal.app */,
				8DAB799A241563BA00039D17 /* iosfinalTests.xctest */,
				8DAB79A5241563BA00039D17 /* iosfinalUITests.xctest */,
			);
			name = Products;
			sourceTree = "<group>";
		};
		8DAB7986241563B700039D17 /* iosfinal */ = {
			isa = PBXGroup;
			children = (
				8DAB7987241563B700039D17 /* AppDelegate.swift */,
				8DAB7989241563B700039D17 /* ContentView.swift */,
				8DAB798B241563B700039D17 /* Experience.rcproject */,
				8DAB798D241563BA00039D17 /* Assets.xcassets */,
				8DAB7992241563BA00039D17 /* LaunchScreen.storyboard */,
				8DAB7995241563BA00039D17 /* Info.plist */,
				8DAB798F241563BA00039D17 /* Preview Content */,
			);
			path = iosfinal;
			sourceTree = "<group>";
		};
		8DAB798F241563BA00039D17 /* Preview Content */ = {
			isa = PBXGroup;
			children = (
				8DAB7990241563BA00039D17 /* Preview Assets.xcassets */,
			);
			path = "Preview Content";
			sourceTree = "<group>";
		};
		8DAB799D241563BA00039D17 /* iosfinalTests */ = {
			isa = PBXGroup;
			children = (
				8DAB799E241563BA00039D17 /* iosfinalTests.swift */,
				8DAB79A0241563BA00039D17 /* Info.plist */,
			);
			path = iosfinalTests;
			sourceTree = "<group>";
		};
		8DAB79A8241563BA00039D17 /* iosfinalUITests */ = {
			isa = PBXGroup;
			children = (
				8DAB79A9241563BA00039D17 /* iosfinalUITests.swift */,
				8DAB79AB241563BA00039D17 /* Info.plist */,
			);
			path = iosfinalUITests;
			sourceTree = "<group>";
		};
/* End PBXGroup section */

/* Begin PBXNativeTarget section */
		8DAB7983241563B700039D17 /* iosfinal */ = {
			isa = PBXNativeTarget;
			buildConfigurationList = 8DAB79AE241563BA00039D17 /* Build configuration list for PBXNativeTarget "iosfinal" */;
			buildPhases = (
				8DAB7980241563B700039D17 /* Sources */,
				8DAB7981241563B700039D17 /* Frameworks */,
				8DAB7982241563B700039D17 /* Resources */,
			);
			buildRules = (
			);
			dependencies = (
			);
			name = iosfinal;
			productName = iosfinal;
			productReference = 8DAB7984241563B700039D17 /* iosfinal.app */;
			productType = "com.apple.product-type.application";
		};
		8DAB7999241563BA00039D17 /* iosfinalTests */ = {
			isa = PBXNativeTarget;
			buildConfigurationList = 8DAB79B1241563BA00039D17 /* Build configuration list for PBXNativeTarget "iosfinalTests" */;
			buildPhases = (
				8DAB7996241563BA00039D17 /* Sources */,
				8DAB7997241563BA00039D17 /* Frameworks */,
				8DAB7998241563BA00039D17 /* Resources */,
			);
			buildRules = (
			);
			dependencies = (
				8DAB799C241563BA00039D17 /* PBXTargetDependency */,
			);
			name = iosfinalTests;
			productName = iosfinalTests;
			productReference = 8DAB799A241563BA00039D17 /* iosfinalTests.xctest */;
			productType = "com.apple.product-type.bundle.unit-test";
		};
		8DAB79A4241563BA00039D17 /* iosfinalUITests */ = {
			isa = PBXNativeTarget;
			buildConfigurationList = 8DAB79B4241563BA00039D17 /* Build configuration list for PBXNativeTarget "iosfinalUITests" */;
			buildPhases = (
				8DAB79A1241563BA00039D17 /* Sources */,
				8DAB79A2241563BA00039D17 /* Frameworks */,
				8DAB79A3241563BA00039D17 /* Resources */,
			);
			buildRules = (
			);
			dependencies = (
				8DAB79A7241563BA00039D17 /* PBXTargetDependency */,
			);
			name = iosfinalUITests;
			productName = iosfinalUITests;
			productReference = 8DAB79A5241563BA00039D17 /* iosfinalUITests.xctest */;
			productType = "com.apple.product-type.bundle.ui-testing";
		};
/* End PBXNativeTarget section */

/* Begin PBXProject section */
		8DAB797C241563B700039D17 /* Project object */ = {
			isa = PBXProject;
			attributes = {
				LastSwiftUpdateCheck = 1110;
				LastUpgradeCheck = 1110;
				ORGANIZATIONNAME = "Stulin iOS";
				TargetAttributes = {
					8DAB7983241563B700039D17 = {
						CreatedOnToolsVersion = 11.1;
					};
					8DAB7999241563BA00039D17 = {
						CreatedOnToolsVersion = 11.1;
						TestTargetID = 8DAB7983241563B700039D17;
					};
					8DAB79A4241563BA00039D17 = {
						CreatedOnToolsVersion = 11.1;
						TestTargetID = 8DAB7983241563B700039D17;
					};
				};
			};
			buildConfigurationList = 8DAB797F241563B700039D17 /* Build configuration list for PBXProject "iosfinal" */;
			compatibilityVersion = "Xcode 9.3";
			developmentRegion = en;
			hasScannedForEncodings = 0;
			knownRegions = (
				en,
				Base,
			);
			mainGroup = 8DAB797B241563B700039D17;
			productRefGroup = 8DAB7985241563B700039D17 /* Products */;
			projectDirPath = "";
			projectRoot = "";
			targets = (
				8DAB7983241563B700039D17 /* iosfinal */,
				8DAB7999241563BA00039D17 /* iosfinalTests */,
				8DAB79A4241563BA00039D17 /* iosfinalUITests */,
			);
		};
/* End PBXProject section */

/* Begin PBXResourcesBuildPhase section */
		8DAB7982241563B700039D17 /* Resources */ = {
			isa = PBXResourcesBuildPhase;
			buildActionMask = 2147483647;
			files = (
				8DAB7994241563BA00039D17 /* LaunchScreen.storyboard in Resources */,
				8DAB7991241563BA00039D17 /* Preview Assets.xcassets in Resources */,
				8DAB798E241563BA00039D17 /* Assets.xcassets in Resources */,
			);
			runOnlyForDeploymentPostprocessing = 0;
		};
		8DAB7998241563BA00039D17 /* Resources */ = {
			isa = PBXResourcesBuildPhase;
			buildActionMask = 2147483647;
			files = (
			);
			runOnlyForDeploymentPostprocessing = 0;
		};
		8DAB79A3241563BA00039D17 /* Resources */ = {
			isa = PBXResourcesBuildPhase;
			buildActionMask = 2147483647;
			files = (
			);
			runOnlyForDeploymentPostprocessing = 0;
		};
/* End PBXResourcesBuildPhase section */

/* Begin PBXSourcesBuildPhase section */
		8DAB7980241563B700039D17 /* Sources */ = {
			isa = PBXSourcesBuildPhase;
			buildActionMask = 2147483647;
			files = (
				8DAB798A241563B700039D17 /* ContentView.swift in Sources */,
				8DAB7988241563B700039D17 /* AppDelegate.swift in Sources */,
				8DAB798C241563B700039D17 /* Experience.rcproject in Sources */,
			);
			runOnlyForDeploymentPostprocessing = 0;
		};
		8DAB7996241563BA00039D17 /* Sources */ = {
			isa = PBXSourcesBuildPhase;
			buildActionMask = 2147483647;
			files = (
				8DAB799F241563BA00039D17 /* iosfinalTests.swift in Sources */,
			);
			runOnlyForDeploymentPostprocessing = 0;
		};
		8DAB79A1241563BA00039D17 /* Sources */ = {
			isa = PBXSourcesBuildPhase;
			buildActionMask = 2147483647;
			files = (
				8DAB79AA241563BA00039D17 /* iosfinalUITests.swift in Sources */,
			);
			runOnlyForDeploymentPostprocessing = 0;
		};
/* End PBXSourcesBuildPhase section */

/* Begin PBXTargetDependency section */
		8DAB799C241563BA00039D17 /* PBXTargetDependency */ = {
			isa = PBXTargetDependency;
			target = 8DAB7983241563B700039D17 /* iosfinal */;
			targetProxy = 8DAB799B241563BA00039D17 /* PBXContainerItemProxy */;
		};
		8DAB79A7241563BA00039D17 /* PBXTargetDependency */ = {
			isa = PBXTargetDependency;
			target = 8DAB7983241563B700039D17 /* iosfinal */;
			targetProxy = 8DAB79A6241563BA00039D17 /* PBXContainerItemProxy */;
		};
/* End PBXTargetDependency section */

/* Begin PBXVariantGroup section */
		8DAB7992241563BA00039D17 /* LaunchScreen.storyboard */ = {
			isa = PBXVariantGroup;
			children = (
				8DAB7993241563BA00039D17 /* Base */,
			);
			name = LaunchScreen.storyboard;
			sourceTree = "<group>";
		};
/* End PBXVariantGroup section */

/* Begin XCBuildConfiguration section */
		8DAB79AC241563BA00039D17 /* Debug */ = {
			isa = XCBuildConfiguration;
			buildSettings = {
				ALWAYS_SEARCH_USER_PATHS = NO;
				CLANG_ANALYZER_NONNULL = YES;
				CLANG_ANALYZER_NUMBER_OBJECT_CONVERSION = YES_AGGRESSIVE;
				CLANG_CXX_LANGUAGE_STANDARD = "gnu++14";
				CLANG_CXX_LIBRARY = "libc++";
				CLANG_ENABLE_MODULES = YES;
				CLANG_ENABLE_OBJC_ARC = YES;
				CLANG_ENABLE_OBJC_WEAK = YES;
				CLANG_WARN_BLOCK_CAPTURE_AUTORELEASING = YES;
				CLANG_WARN_BOOL_CONVERSION = YES;
				CLANG_WARN_COMMA = YES;
				CLANG_WARN_CONSTANT_CONVERSION = YES;
				CLANG_WARN_DEPRECATED_OBJC_IMPLEMENTATIONS = YES;
				CLANG_WARN_DIRECT_OBJC_ISA_USAGE = YES_ERROR;
				CLANG_WARN_DOCUMENTATION_COMMENTS = YES;
				CLANG_WARN_EMPTY_BODY = YES;
				CLANG_WARN_ENUM_CONVERSION = YES;
				CLANG_WARN_INFINITE_RECURSION = YES;
				CLANG_WARN_INT_CONVERSION = YES;
				CLANG_WARN_NON_LITERAL_NULL_CONVERSION = YES;
				CLANG_WARN_OBJC_IMPLICIT_RETAIN_SELF = YES;
				CLANG_WARN_OBJC_LITERAL_CONVERSION = YES;
				CLANG_WARN_OBJC_ROOT_CLASS = YES_ERROR;
				CLANG_WARN_RANGE_LOOP_ANALYSIS = YES;
				CLANG_WARN_STRICT_PROTOTYPES = YES;
				CLANG_WARN_SUSPICIOUS_MOVE = YES;
				CLANG_WARN_UNGUARDED_AVAILABILITY = YES_AGGRESSIVE;
				CLANG_WARN_UNREACHABLE_CODE = YES;
				CLANG_WARN__DUPLICATE_METHOD_MATCH = YES;
				COPY_PHASE_STRIP = NO;
				DEBUG_INFORMATION_FORMAT = dwarf;
				ENABLE_STRICT_OBJC_MSGSEND = YES;
				ENABLE_TESTABILITY = YES;
				GCC_C_LANGUAGE_STANDARD = gnu11;
				GCC_DYNAMIC_NO_PIC = NO;
				GCC_NO_COMMON_BLOCKS = YES;
				GCC_OPTIMIZATION_LEVEL = 0;
				GCC_PREPROCESSOR_DEFINITIONS = (
					"DEBUG=1",
					"$(inherited)",
				);
				GCC_WARN_64_TO_32_BIT_CONVERSION = YES;
				GCC_WARN_ABOUT_RETURN_TYPE = YES_ERROR;
				GCC_WARN_UNDECLARED_SELECTOR = YES;
				GCC_WARN_UNINITIALIZED_AUTOS = YES_AGGRESSIVE;
				GCC_WARN_UNUSED_FUNCTION = YES;
				GCC_WARN_UNUSED_VARIABLE = YES;
				IPHONEOS_DEPLOYMENT_TARGET = 13.1;
				MTL_ENABLE_DEBUG_INFO = INCLUDE_SOURCE;
				MTL_FAST_MATH = YES;
				ONLY_ACTIVE_ARCH = YES;
				SDKROOT = iphoneos;
				SWIFT_ACTIVE_COMPILATION_CONDITIONS = DEBUG;
				SWIFT_OPTIMIZATION_LEVEL = "-Onone";
			};
			name = Debug;
		};
		8DAB79AD241563BA00039D17 /* Release */ = {
			isa = XCBuildConfiguration;
			buildSettings = {
				ALWAYS_SEARCH_USER_PATHS = NO;
				CLANG_ANALYZER_NONNULL = YES;
				CLANG_ANALYZER_NUMBER_OBJECT_CONVERSION = YES_AGGRESSIVE;
				CLANG_CXX_LANGUAGE_STANDARD = "gnu++14";
				CLANG_CXX_LIBRARY = "libc++";
				CLANG_ENABLE_MODULES = YES;
				CLANG_ENABLE_OBJC_ARC = YES;
				CLANG_ENABLE_OBJC_WEAK = YES;
				CLANG_WARN_BLOCK_CAPTURE_AUTORELEASING = YES;
				CLANG_WARN_BOOL_CONVERSION = YES;
				CLANG_WARN_COMMA = YES;
				CLANG_WARN_CONSTANT_CONVERSION = YES;
				CLANG_WARN_DEPRECATED_OBJC_IMPLEMENTATIONS = YES;
				CLANG_WARN_DIRECT_OBJC_ISA_USAGE = YES_ERROR;
				CLANG_WARN_DOCUMENTATION_COMMENTS = YES;
				CLANG_WARN_EMPTY_BODY = YES;
				CLANG_WARN_ENUM_CONVERSION = YES;
				CLANG_WARN_INFINITE_RECURSION = YES;
				CLANG_WARN_INT_CONVERSION = YES;
				CLANG_WARN_NON_LITERAL_NULL_CONVERSION = YES;
				CLANG_WARN_OBJC_IMPLICIT_RETAIN_SELF = YES;
				CLANG_WARN_OBJC_LITERAL_CONVERSION = YES;
				CLANG_WARN_OBJC_ROOT_CLASS = YES_ERROR;
				CLANG_WARN_RANGE_LOOP_ANALYSIS = YES;
				CLANG_WARN_STRICT_PROTOTYPES = YES;
				CLANG_WARN_SUSPICIOUS_MOVE = YES;
				CLANG_WARN_UNGUARDED_AVAILABILITY = YES_AGGRESSIVE;
				CLANG_WARN_UNREACHABLE_CODE = YES;
				CLANG_WARN__DUPLICATE_METHOD_MATCH = YES;
				COPY_PHASE_STRIP = NO;
				DEBUG_INFORMATION_FORMAT = "dwarf-with-dsym";
				ENABLE_NS_ASSERTIONS = NO;
				ENABLE_STRICT_OBJC_MSGSEND = YES;
				GCC_C_LANGUAGE_STANDARD = gnu11;
				GCC_NO_COMMON_BLOCKS = YES;
				GCC_WARN_64_TO_32_BIT_CONVERSION = YES;
				GCC_WARN_ABOUT_RETURN_TYPE = YES_ERROR;
				GCC_WARN_UNDECLARED_SELECTOR = YES;
				GCC_WARN_UNINITIALIZED_AUTOS = YES_AGGRESSIVE;
				GCC_WARN_UNUSED_FUNCTION = YES;
				GCC_WARN_UNUSED_VARIABLE = YES;
				IPHONEOS_DEPLOYMENT_TARGET = 13.1;
				MTL_ENABLE_DEBUG_INFO = NO;
				MTL_FAST_MATH = YES;
				SDKROOT = iphoneos;
				SWIFT_COMPILATION_MODE = wholemodule;
				SWIFT_OPTIMIZATION_LEVEL = "-O";
				VALIDATE_PRODUCT = YES;
			};
			name = Release;
		};
		8DAB79AF241563BA00039D17 /* Debug */ = {
			isa = XCBuildConfiguration;
			buildSettings = {
				ASSETCATALOG_COMPILER_APPICON_NAME = AppIcon;
				CODE_SIGN_STYLE = Automatic;
				DEVELOPMENT_ASSET_PATHS = "\"iosfinal/Preview Content\"";
				ENABLE_PREVIEWS = YES;
				INFOPLIST_FILE = iosfinal/Info.plist;
				LD_RUNPATH_SEARCH_PATHS = (
					"$(inherited)",
					"@executable_path/Frameworks",
				);
				PRODUCT_BUNDLE_IDENTIFIER = stulinios.iosfinal;
				PRODUCT_NAME = "$(TARGET_NAME)";
				SWIFT_VERSION = 5.0;
				TARGETED_DEVICE_FAMILY = "1,2";
			};
			name = Debug;
		};
		8DAB79B0241563BA00039D17 /* Release */ = {
			isa = XCBuildConfiguration;
			buildSettings = {
				ASSETCATALOG_COMPILER_APPICON_NAME = AppIcon;
				CODE_SIGN_STYLE = Automatic;
				DEVELOPMENT_ASSET_PATHS = "\"iosfinal/Preview Content\"";
				ENABLE_PREVIEWS = YES;
				INFOPLIST_FILE = iosfinal/Info.plist;
				LD_RUNPATH_SEARCH_PATHS = (
					"$(inherited)",
					"@executable_path/Frameworks",
				);
				PRODUCT_BUNDLE_IDENTIFIER = stulinios.iosfinal;
				PRODUCT_NAME = "$(TARGET_NAME)";
				SWIFT_VERSION = 5.0;
				TARGETED_DEVICE_FAMILY = "1,2";
			};
			name = Release;
		};
		8DAB79B2241563BA00039D17 /* Debug */ = {
			isa = XCBuildConfiguration;
			buildSettings = {
				ALWAYS_EMBED_SWIFT_STANDARD_LIBRARIES = YES;
				BUNDLE_LOADER = "$(TEST_HOST)";
				CODE_SIGN_STYLE = Automatic;
				INFOPLIST_FILE = iosfinalTests/Info.plist;
				IPHONEOS_DEPLOYMENT_TARGET = 13.1;
				LD_RUNPATH_SEARCH_PATHS = (
					"$(inherited)",
					"@executable_path/Frameworks",
					"@loader_path/Frameworks",
				);
				PRODUCT_BUNDLE_IDENTIFIER = stulinios.iosfinalTests;
				PRODUCT_NAME = "$(TARGET_NAME)";
				SWIFT_VERSION = 5.0;
				TARGETED_DEVICE_FAMILY = "1,2";
				TEST_HOST = "$(BUILT_PRODUCTS_DIR)/iosfinal.app/iosfinal";
			};
			name = Debug;
		};
		8DAB79B3241563BA00039D17 /* Release */ = {
			isa = XCBuildConfiguration;
			buildSettings = {
				ALWAYS_EMBED_SWIFT_STANDARD_LIBRARIES = YES;
				BUNDLE_LOADER = "$(TEST_HOST)";
				CODE_SIGN_STYLE = Automatic;
				INFOPLIST_FILE = iosfinalTests/Info.plist;
				IPHONEOS_DEPLOYMENT_TARGET = 13.1;
				LD_RUNPATH_SEARCH_PATHS = (
					"$(inherited)",
					"@executable_path/Frameworks",
					"@loader_path/Frameworks",
				);
				PRODUCT_BUNDLE_IDENTIFIER = stulinios.iosfinalTests;
				PRODUCT_NAME = "$(TARGET_NAME)";
				SWIFT_VERSION = 5.0;
				TARGETED_DEVICE_FAMILY = "1,2";
				TEST_HOST = "$(BUILT_PRODUCTS_DIR)/iosfinal.app/iosfinal";
			};
			name = Release;
		};
		8DAB79B5241563BA00039D17 /* Debug */ = {
			isa = XCBuildConfiguration;
			buildSettings = {
				ALWAYS_EMBED_SWIFT_STANDARD_LIBRARIES = YES;
				CODE_SIGN_STYLE = Automatic;
				INFOPLIST_FILE = iosfinalUITests/Info.plist;
				LD_RUNPATH_SEARCH_PATHS = (
					"$(inherited)",
					"@executable_path/Frameworks",
					"@loader_path/Frameworks",
				);
				PRODUCT_BUNDLE_IDENTIFIER = stulinios.iosfinalUITests;
				PRODUCT_NAME = "$(TARGET_NAME)";
				SWIFT_VERSION = 5.0;
				TARGETED_DEVICE_FAMILY = "1,2";
				TEST_TARGET_NAME = iosfinal;
			};
			name = Debug;
		};
		8DAB79B6241563BA00039D17 /* Release */ = {
			isa = XCBuildConfiguration;
			buildSettings = {
				ALWAYS_EMBED_SWIFT_STANDARD_LIBRARIES = YES;
				CODE_SIGN_STYLE = Automatic;
				INFOPLIST_FILE = iosfinalUITests/Info.plist;
				LD_RUNPATH_SEARCH_PATHS = (
					"$(inherited)",
					"@executable_path/Frameworks",
					"@loader_path/Frameworks",
				);
				PRODUCT_BUNDLE_IDENTIFIER = stulinios.iosfinalUITests;
				PRODUCT_NAME = "$(TARGET_NAME)";
				SWIFT_VERSION = 5.0;
				TARGETED_DEVICE_FAMILY = "1,2";
				TEST_TARGET_NAME = iosfinal;
			};
			name = Release;
		};
/* End XCBuildConfiguration section */

/* Begin XCConfigurationList section */
		8DAB797F241563B700039D17 /* Build configuration list for PBXProject "iosfinal" */ = {
			isa = XCConfigurationList;
			buildConfigurations = (
				8DAB79AC241563BA00039D17 /* Debug */,
				8DAB79AD241563BA00039D17 /* Release */,
			);
			defaultConfigurationIsVisible = 0;
			defaultConfigurationName = Release;
		};
		8DAB79AE241563BA00039D17 /* Build configuration list for PBXNativeTarget "iosfinal" */ = {
			isa = XCConfigurationList;
			buildConfigurations = (
				8DAB79AF241563BA00039D17 /* Debug */,
				8DAB79B0241563BA00039D17 /* Release */,
			);
			defaultConfigurationIsVisible = 0;
			defaultConfigurationName = Release;
		};
		8DAB79B1241563BA00039D17 /* Build configuration list for PBXNativeTarget "iosfinalTests" */ = {
			isa = XCConfigurationList;
			buildConfigurations = (
				8DAB79B2241563BA00039D17 /* Debug */,
				8DAB79B3241563BA00039D17 /* Release */,
			);
			defaultConfigurationIsVisible = 0;
			defaultConfigurationName = Release;
		};
		8DAB79B4241563BA00039D17 /* Build configuration list for PBXNativeTarget "iosfinalUITests" */ = {
			isa = XCConfigurationList;
			buildConfigurations = (
				8DAB79B5241563BA00039D17 /* Debug */,
				8DAB79B6241563BA00039D17 /* Release */,
			);
			defaultConfigurationIsVisible = 0;
			defaultConfigurationName = Release;
		};
/* End XCConfigurationList section */
	};
	rootObject = 8DAB797C241563B700039D17 /* Project object */;
}
